
Microsoft Visual Studio Solution File, Format Version 12.00
# Visual Studio Version 16
VisualStudioVersion = 25.0.1704.4
MinimumVisualStudioVersion = 10.0.40219.1
Project("{FAE04EC0-301F-11D3-BF4B-00C04F79EFBC}") = "UnicornShop.Web", "UnicornShop.Web\UnicornShop.Web.csproj", "{D12603F4-3458-41E9-809F-B425DA8A898D}"
EndProject
Project("{FAE04EC0-301F-11D3-BF4B-00C04F79EFBC}") = "UnicornShop.Application", "UnicornShop.Application\UnicornShop.Application.csproj", "{C5FC8859-A023-465A-B129-3AB31F46DCD1}"
EndProject
Project("{FAE04EC0-301F-11D3-BF4B-00C04F79EFBC}") = "UnicornShop.Infrastructure", "UnicornShop.Infrastructure\UnicornShop.Infrastructure.csproj", "{06C6DEC9-55F0-4853-83E8-DB723C5532FE}"
EndProject
Global
	GlobalSection(SolutionConfigurationPlatforms) = preSolution
		Debug|Any CPU = Debug|Any CPU
		Release|Any CPU = Release|Any CPU
	EndGlobalSection
	GlobalSection(ProjectConfigurationPlatforms) = postSolution
		{D12603F4-3458-41E9-809F-B425DA8A898D}.Debug|Any CPU.ActiveCfg = Debug|Any CPU
		{D12603F4-3458-41E9-809F-B425DA8A898D}.Debug|Any CPU.Build.0 = Debug|Any CPU
		{D12603F4-3458-41E9-809F-B425DA8A898D}.Release|Any CPU.ActiveCfg = Release|Any CPU
		{D12603F4-3458-41E9-809F-B425DA8A898D}.Release|Any CPU.Build.0 = Release|Any CPU
		{C5FC8859-A023-465A-B129-3AB31F46DCD1}.Debug|Any CPU.ActiveCfg = Debug|Any CPU
		{C5FC8859-A023-465A-B129-3AB31F46DCD1}.Debug|Any CPU.Build.0 = Debug|Any CPU
		{C5FC8859-A023-465A-B129-3AB31F46DCD1}.Release|Any CPU.ActiveCfg = Release|Any CPU
		{C5FC8859-A023-465A-B129-3AB31F46DCD1}.Release|Any CPU.Build.0 = Release|Any CPU
		{06C6DEC9-55F0-4853-83E8-DB723C5532FE}.Debug|Any CPU.ActiveCfg = Debug|Any CPU
		{06C6DEC9-55F0-4853-83E8-DB723C5532FE}.Debug|Any CPU.Build.0 = Debug|Any CPU
		{06C6DEC9-55F0-4853-83E8-DB723C5532FE}.Release|Any CPU.ActiveCfg = Release|Any CPU
		{06C6DEC9-55F0-4853-83E8-DB723C5532FE}.Release|Any CPU.Build.0 = Release|Any CPU
	EndGlobalSection
	GlobalSection(SolutionProperties) = preSolution
		HideSolutionNode = FALSE
	EndGlobalSection
	GlobalSection(ExtensibilityGlobals) = postSolution
		SolutionGuid = {39E4D2A7-C586-4A15-8790-F61868A8F6E6}
	EndGlobalSection
EndGlobal
